
Microsoft Visual Studio Solution File, Format Version 12.00
# Visual Studio Version 16
VisualStudioVersion = 16.0.31105.61
MinimumVisualStudioVersion = 10.0.40219.1
Project("{FAE04EC0-301F-11D3-BF4B-00C04F79EFBC}") = "AppFacultad.Consola", "AppFacultad.Consola\AppFacultad.Consola.csproj", "{D05D5F34-A880-4AE5-9B96-D14208AD7644}"
EndProject
Project("{FAE04EC0-301F-11D3-BF4B-00C04F79EFBC}") = "AppFacultad.Libreria", "AppFacultad.Libreria\AppFacultad.Libreria.csproj", "{8A9C5E53-E1E4-485E-B469-915CA9999184}"
EndProject
Global
	GlobalSection(SolutionConfigurationPlatforms) = preSolution
		Debug|Any CPU = Debug|Any CPU
		Release|Any CPU = Release|Any CPU
	EndGlobalSection
	GlobalSection(ProjectConfigurationPlatforms) = postSolution
		{D05D5F34-A880-4AE5-9B96-D14208AD7644}.Debug|Any CPU.ActiveCfg = Debug|Any CPU
		{D05D5F34-A880-4AE5-9B96-D14208AD7644}.Debug|Any CPU.Build.0 = Debug|Any CPU
		{D05D5F34-A880-4AE5-9B96-D14208AD7644}.Release|Any CPU.ActiveCfg = Release|Any CPU
		{D05D5F34-A880-4AE5-9B96-D14208AD7644}.Release|Any CPU.Build.0 = Release|Any CPU
		{8A9C5E53-E1E4-485E-B469-915CA9999184}.Debug|Any CPU.ActiveCfg = Debug|Any CPU
		{8A9C5E53-E1E4-485E-B469-915CA9999184}.Debug|Any CPU.Build.0 = Debug|Any CPU
		{8A9C5E53-E1E4-485E-B469-915CA9999184}.Release|Any CPU.ActiveCfg = Release|Any CPU
		{8A9C5E53-E1E4-485E-B469-915CA9999184}.Release|Any CPU.Build.0 = Release|Any CPU
	EndGlobalSection
	GlobalSection(SolutionProperties) = preSolution
		HideSolutionNode = FALSE
	EndGlobalSection
	GlobalSection(ExtensibilityGlobals) = postSolution
		SolutionGuid = {2FF2D6E2-AFF4-4265-B8FF-0F025399C171}
	EndGlobalSection
EndGlobal
